
Microsoft Visual Studio Solution File, Format Version 12.00
# Visual Studio Version 17
VisualStudioVersion = 17.5.002.0
MinimumVisualStudioVersion = 10.0.40219.1
Project("{2150E333-8FDC-42A3-9474-1A3956D46DE8}") = "csharp-prep", "csharp-prep", "{6BAC74DD-E7BE-4AD5-ADB3-1E22824BD4EF}"
EndProject
Project("{9A19103F-16F7-4668-BE54-9A1E7A4F7556}") = "Prep1", "csharp-prep\Prep1\Prep1.csproj", "{71BF5718-74C6-4972-B984-D9C94D47D68A}"
EndProject
Project("{9A19103F-16F7-4668-BE54-9A1E7A4F7556}") = "Prep2", "csharp-prep\Prep2\Prep2.csproj", "{7B1032CD-67FE-4711-A00B-F48D37CD1C2B}"
EndProject
Project("{9A19103F-16F7-4668-BE54-9A1E7A4F7556}") = "Prep3", "csharp-prep\Prep3\Prep3.csproj", "{EC3BB3A0-C3C5-4A43-9A61-BE5E6D1D4B00}"
EndProject
Project("{9A19103F-16F7-4668-BE54-9A1E7A4F7556}") = "Prep4", "csharp-prep\Prep4\Prep4.csproj", "{81C8329C-185D-45F5-94F3-3E9353B55383}"
EndProject
Project("{9A19103F-16F7-4668-BE54-9A1E7A4F7556}") = "Prep5", "csharp-prep\Prep5\Prep5.csproj", "{9556A00F-1321-4452-B5A4-0140C852F173}"
EndProject
Project("{2150E333-8FDC-42A3-9474-1A3956D46DE8}") = "final", "final", "{C36FC684-AEC2-4BD1-81F1-8856B04D88CA}"
EndProject
Project("{9A19103F-16F7-4668-BE54-9A1E7A4F7556}") = "FinalProject", "final\FinalProject\FinalProject.csproj", "{63564641-E5C1-4D5F-B834-3C6E03D95C42}"
EndProject
Project("{9A19103F-16F7-4668-BE54-9A1E7A4F7556}") = "Foundation1", "final\Foundation1\Foundation1.csproj", "{A4D5BC8D-B19B-45A2-BD39-394FCDF1C55C}"
EndProject
Project("{9A19103F-16F7-4668-BE54-9A1E7A4F7556}") = "Foundation2", "final\Foundation2\Foundation2.csproj", "{1993F761-F236-48BF-A655-270FEB738331}"
EndProject
Project("{9A19103F-16F7-4668-BE54-9A1E7A4F7556}") = "Foundation3", "final\Foundation3\Foundation3.csproj", "{F4F4330F-082A-4915-BED4-64A00C41CAE0}"
EndProject
Project("{9A19103F-16F7-4668-BE54-9A1E7A4F7556}") = "Foundation4", "final\Foundation4\Foundation4.csproj", "{A9D87568-E988-45AA-8D65-8DD0B415D233}"
EndProject
Project("{2150E333-8FDC-42A3-9474-1A3956D46DE8}") = "prepare", "prepare", "{3976ADC2-BAB6-4DC5-ACBC-60CAEF7F74FE}"
EndProject
Project("{9A19103F-16F7-4668-BE54-9A1E7A4F7556}") = "Learning02", "prepare\Learning02\Learning02.csproj", "{29DB9177-0804-4657-A7D2-83C4F53A4193}"
EndProject
Project("{9A19103F-16F7-4668-BE54-9A1E7A4F7556}") = "Learning03", "prepare\Learning03\Learning03.csproj", "{26E9FCE5-F6AC-4452-95E2-24399F3DCE7D}"
EndProject
Project("{9A19103F-16F7-4668-BE54-9A1E7A4F7556}") = "Learning04", "prepare\Learning04\Learning04.csproj", "{0B5AFDE3-0794-4B2F-B3DF-817040DE55DD}"
EndProject
Project("{9A19103F-16F7-4668-BE54-9A1E7A4F7556}") = "Learning05", "prepare\Learning05\Learning05.csproj", "{47205B36-159B-49B9-B780-817BF3FBB930}"
EndProject
Project("{2150E333-8FDC-42A3-9474-1A3956D46DE8}") = "prove", "prove", "{C58A64F8-8FC4-485E-9129-E0F7493E3520}"
EndProject
Project("{9A19103F-16F7-4668-BE54-9A1E7A4F7556}") = "Develop02", "prove\Develop02\Develop02.csproj", "{02B19AC7-DC0A-4248-9816-F5E760D31A15}"
EndProject
Project("{9A19103F-16F7-4668-BE54-9A1E7A4F7556}") = "Develop03", "prove\Develop03\Develop03.csproj", "{F7EF61F0-9792-483F-AEDC-0D913C752DA4}"
EndProject
Project("{9A19103F-16F7-4668-BE54-9A1E7A4F7556}") = "Develop04", "prove\Develop04\Develop04.csproj", "{54CE3483-7CCF-4DFD-ABB3-C706FCEAD2F1}"
EndProject
Project("{9A19103F-16F7-4668-BE54-9A1E7A4F7556}") = "Develop05", "prove\Develop05\Develop05.csproj", "{02606318-A006-4F0C-9A43-EA0CC4E2B4FB}"
EndProject
Project("{2150E333-8FDC-42A3-9474-1A3956D46DE8}") = "sandbox", "sandbox", "{E3C80109-BB4A-4558-B184-7285C40DAD1A}"
EndProject
Project("{9A19103F-16F7-4668-BE54-9A1E7A4F7556}") = "Sandbox", "sandbox\Sandbox\Sandbox.csproj", "{11F12D88-1773-4F67-A541-EF0DC11E0B96}"
EndProject
Global
	GlobalSection(SolutionConfigurationPlatforms) = preSolution
		Debug|Any CPU = Debug|Any CPU
		Release|Any CPU = Release|Any CPU
	EndGlobalSection
	GlobalSection(ProjectConfigurationPlatforms) = postSolution
		{71BF5718-74C6-4972-B984-D9C94D47D68A}.Debug|Any CPU.ActiveCfg = Debug|Any CPU
		{71BF5718-74C6-4972-B984-D9C94D47D68A}.Debug|Any CPU.Build.0 = Debug|Any CPU
		{71BF5718-74C6-4972-B984-D9C94D47D68A}.Release|Any CPU.ActiveCfg = Release|Any CPU
		{71BF5718-74C6-4972-B984-D9C94D47D68A}.Release|Any CPU.Build.0 = Release|Any CPU
		{7B1032CD-67FE-4711-A00B-F48D37CD1C2B}.Debug|Any CPU.ActiveCfg = Debug|Any CPU
		{7B1032CD-67FE-4711-A00B-F48D37CD1C2B}.Debug|Any CPU.Build.0 = Debug|Any CPU
		{7B1032CD-67FE-4711-A00B-F48D37CD1C2B}.Release|Any CPU.ActiveCfg = Release|Any CPU
		{7B1032CD-67FE-4711-A00B-F48D37CD1C2B}.Release|Any CPU.Build.0 = Release|Any CPU
		{EC3BB3A0-C3C5-4A43-9A61-BE5E6D1D4B00}.Debug|Any CPU.ActiveCfg = Debug|Any CPU
		{EC3BB3A0-C3C5-4A43-9A61-BE5E6D1D4B00}.Debug|Any CPU.Build.0 = Debug|Any CPU
		{EC3BB3A0-C3C5-4A43-9A61-BE5E6D1D4B00}.Release|Any CPU.ActiveCfg = Release|Any CPU
		{EC3BB3A0-C3C5-4A43-9A61-BE5E6D1D4B00}.Release|Any CPU.Build.0 = Release|Any CPU
		{81C8329C-185D-45F5-94F3-3E9353B55383}.Debug|Any CPU.ActiveCfg = Debug|Any CPU
		{81C8329C-185D-45F5-94F3-3E9353B55383}.Debug|Any CPU.Build.0 = Debug|Any CPU
		{81C8329C-185D-45F5-94F3-3E9353B55383}.Release|Any CPU.ActiveCfg = Release|Any CPU
		{81C8329C-185D-45F5-94F3-3E9353B55383}.Release|Any CPU.Build.0 = Release|Any CPU
		{9556A00F-1321-4452-B5A4-0140C852F173}.Debug|Any CPU.ActiveCfg = Debug|Any CPU
		{9556A00F-1321-4452-B5A4-0140C852F173}.Debug|Any CPU.Build.0 = Debug|Any CPU
		{9556A00F-1321-4452-B5A4-0140C852F173}.Release|Any CPU.ActiveCfg = Release|Any CPU
		{9556A00F-1321-4452-B5A4-0140C852F173}.Release|Any CPU.Build.0 = Release|Any CPU
		{63564641-E5C1-4D5F-B834-3C6E03D95C42}.Debug|Any CPU.ActiveCfg = Debug|Any CPU
		{63564641-E5C1-4D5F-B834-3C6E03D95C42}.Debug|Any CPU.Build.0 = Debug|Any CPU
		{63564641-E5C1-4D5F-B834-3C6E03D95C42}.Release|Any CPU.ActiveCfg = Release|Any CPU
		{63564641-E5C1-4D5F-B834-3C6E03D95C42}.Release|Any CPU.Build.0 = Release|Any CPU
		{A4D5BC8D-B19B-45A2-BD39-394FCDF1C55C}.Debug|Any CPU.ActiveCfg = Debug|Any CPU
		{A4D5BC8D-B19B-45A2-BD39-394FCDF1C55C}.Debug|Any CPU.Build.0 = Debug|Any CPU
		{A4D5BC8D-B19B-45A2-BD39-394FCDF1C55C}.Release|Any CPU.ActiveCfg = Release|Any CPU
		{A4D5BC8D-B19B-45A2-BD39-394FCDF1C55C}.Release|Any CPU.Build.0 = Release|Any CPU
		{1993F761-F236-48BF-A655-270FEB738331}.Debug|Any CPU.ActiveCfg = Debug|Any CPU
		{1993F761-F236-48BF-A655-270FEB738331}.Debug|Any CPU.Build.0 = Debug|Any CPU
		{1993F761-F236-48BF-A655-270FEB738331}.Release|Any CPU.ActiveCfg = Release|Any CPU
		{1993F761-F236-48BF-A655-270FEB738331}.Release|Any CPU.Build.0 = Release|Any CPU
		{F4F4330F-082A-4915-BED4-64A00C41CAE0}.Debug|Any CPU.ActiveCfg = Debug|Any CPU
		{F4F4330F-082A-4915-BED4-64A00C41CAE0}.Debug|Any CPU.Build.0 = Debug|Any CPU
		{F4F4330F-082A-4915-BED4-64A00C41CAE0}.Release|Any CPU.ActiveCfg = Release|Any CPU
		{F4F4330F-082A-4915-BED4-64A00C41CAE0}.Release|Any CPU.Build.0 = Release|Any CPU
		{A9D87568-E988-45AA-8D65-8DD0B415D233}.Debug|Any CPU.ActiveCfg = Debug|Any CPU
		{A9D87568-E988-45AA-8D65-8DD0B415D233}.Debug|Any CPU.Build.0 = Debug|Any CPU
		{A9D87568-E988-45AA-8D65-8DD0B415D233}.Release|Any CPU.ActiveCfg = Release|Any CPU
		{A9D87568-E988-45AA-8D65-8DD0B415D233}.Release|Any CPU.Build.0 = Release|Any CPU
		{29DB9177-0804-4657-A7D2-83C4F53A4193}.Debug|Any CPU.ActiveCfg = Debug|Any CPU
		{29DB9177-0804-4657-A7D2-83C4F53A4193}.Debug|Any CPU.Build.0 = Debug|Any CPU
		{29DB9177-0804-4657-A7D2-83C4F53A4193}.Release|Any CPU.ActiveCfg = Release|Any CPU
		{29DB9177-0804-4657-A7D2-83C4F53A4193}.Release|Any CPU.Build.0 = Release|Any CPU
		{26E9FCE5-F6AC-4452-95E2-24399F3DCE7D}.Debug|Any CPU.ActiveCfg = Debug|Any CPU
		{26E9FCE5-F6AC-4452-95E2-24399F3DCE7D}.Debug|Any CPU.Build.0 = Debug|Any CPU
		{26E9FCE5-F6AC-4452-95E2-24399F3DCE7D}.Release|Any CPU.ActiveCfg = Release|Any CPU
		{26E9FCE5-F6AC-4452-95E2-24399F3DCE7D}.Release|Any CPU.Build.0 = Release|Any CPU
		{0B5AFDE3-0794-4B2F-B3DF-817040DE55DD}.Debug|Any CPU.ActiveCfg = Debug|Any CPU
		{0B5AFDE3-0794-4B2F-B3DF-817040DE55DD}.Debug|Any CPU.Build.0 = Debug|Any CPU
		{0B5AFDE3-0794-4B2F-B3DF-817040DE55DD}.Release|Any CPU.ActiveCfg = Release|Any CPU
		{0B5AFDE3-0794-4B2F-B3DF-817040DE55DD}.Release|Any CPU.Build.0 = Release|Any CPU
		{47205B36-159B-49B9-B780-817BF3FBB930}.Debug|Any CPU.ActiveCfg = Debug|Any CPU
		{47205B36-159B-49B9-B780-817BF3FBB930}.Debug|Any CPU.Build.0 = Debug|Any CPU
		{47205B36-159B-49B9-B780-817BF3FBB930}.Release|Any CPU.ActiveCfg = Release|Any CPU
		{47205B36-159B-49B9-B780-817BF3FBB930}.Release|Any CPU.Build.0 = Release|Any CPU
		{02B19AC7-DC0A-4248-9816-F5E760D31A15}.Debug|Any CPU.ActiveCfg = Debug|Any CPU
		{02B19AC7-DC0A-4248-9816-F5E760D31A15}.Debug|Any CPU.Build.0 = Debug|Any CPU
		{02B19AC7-DC0A-4248-9816-F5E760D31A15}.Release|Any CPU.ActiveCfg = Release|Any CPU
		{02B19AC7-DC0A-4248-9816-F5E760D31A15}.Release|Any CPU.Build.0 = Release|Any CPU
		{F7EF61F0-9792-483F-AEDC-0D913C752DA4}.Debug|Any CPU.ActiveCfg = Debug|Any CPU
		{F7EF61F0-9792-483F-AEDC-0D913C752DA4}.Debug|Any CPU.Build.0 = Debug|Any CPU
		{F7EF61F0-9792-483F-AEDC-0D913C752DA4}.Release|Any CPU.ActiveCfg = Release|Any CPU
		{F7EF61F0-9792-483F-AEDC-0D913C752DA4}.Release|Any CPU.Build.0 = Release|Any CPU
		{54CE3483-7CCF-4DFD-ABB3-C706FCEAD2F1}.Debug|Any CPU.ActiveCfg = Debug|Any CPU
		{54CE3483-7CCF-4DFD-ABB3-C706FCEAD2F1}.Debug|Any CPU.Build.0 = Debug|Any CPU
		{54CE3483-7CCF-4DFD-ABB3-C706FCEAD2F1}.Release|Any CPU.ActiveCfg = Release|Any CPU
		{54CE3483-7CCF-4DFD-ABB3-C706FCEAD2F1}.Release|Any CPU.Build.0 = Release|Any CPU
		{02606318-A006-4F0C-9A43-EA0CC4E2B4FB}.Debug|Any CPU.ActiveCfg = Debug|Any CPU
		{02606318-A006-4F0C-9A43-EA0CC4E2B4FB}.Debug|Any CPU.Build.0 = Debug|Any CPU
		{02606318-A006-4F0C-9A43-EA0CC4E2B4FB}.Release|Any CPU.ActiveCfg = Release|Any CPU
		{02606318-A006-4F0C-9A43-EA0CC4E2B4FB}.Release|Any CPU.Build.0 = Release|Any CPU
		{11F12D88-1773-4F67-A541-EF0DC11E0B96}.Debug|Any CPU.ActiveCfg = Debug|Any CPU
		{11F12D88-1773-4F67-A541-EF0DC11E0B96}.Debug|Any CPU.Build.0 = Debug|Any CPU
		{11F12D88-1773-4F67-A541-EF0DC11E0B96}.Release|Any CPU.ActiveCfg = Release|Any CPU
		{11F12D88-1773-4F67-A541-EF0DC11E0B96}.Release|Any CPU.Build.0 = Release|Any CPU
	EndGlobalSection
	GlobalSection(SolutionProperties) = preSolution
		HideSolutionNode = FALSE
	EndGlobalSection
	GlobalSection(NestedProjects) = preSolution
		{71BF5718-74C6-4972-B984-D9C94D47D68A} = {6BAC74DD-E7BE-4AD5-ADB3-1E22824BD4EF}
		{7B1032CD-67FE-4711-A00B-F48D37CD1C2B} = {6BAC74DD-E7BE-4AD5-ADB3-1E22824BD4EF}
		{EC3BB3A0-C3C5-4A43-9A61-BE5E6D1D4B00} = {6BAC74DD-E7BE-4AD5-ADB3-1E22824BD4EF}
		{81C8329C-185D-45F5-94F3-3E9353B55383} = {6BAC74DD-E7BE-4AD5-ADB3-1E22824BD4EF}
		{9556A00F-1321-4452-B5A4-0140C852F173} = {6BAC74DD-E7BE-4AD5-ADB3-1E22824BD4EF}
		{63564641-E5C1-4D5F-B834-3C6E03D95C42} = {C36FC684-AEC2-4BD1-81F1-8856B04D88CA}
		{A4D5BC8D-B19B-45A2-BD39-394FCDF1C55C} = {C36FC684-AEC2-4BD1-81F1-8856B04D88CA}
		{1993F761-F236-48BF-A655-270FEB738331} = {C36FC684-AEC2-4BD1-81F1-8856B04D88CA}
		{F4F4330F-082A-4915-BED4-64A00C41CAE0} = {C36FC684-AEC2-4BD1-81F1-8856B04D88CA}
		{A9D87568-E988-45AA-8D65-8DD0B415D233} = {C36FC684-AEC2-4BD1-81F1-8856B04D88CA}
		{29DB9177-0804-4657-A7D2-83C4F53A4193} = {3976ADC2-BAB6-4DC5-ACBC-60CAEF7F74FE}
		{26E9FCE5-F6AC-4452-95E2-24399F3DCE7D} = {3976ADC2-BAB6-4DC5-ACBC-60CAEF7F74FE}
		{0B5AFDE3-0794-4B2F-B3DF-817040DE55DD} = {3976ADC2-BAB6-4DC5-ACBC-60CAEF7F74FE}
		{47205B36-159B-49B9-B780-817BF3FBB930} = {3976ADC2-BAB6-4DC5-ACBC-60CAEF7F74FE}
		{02B19AC7-DC0A-4248-9816-F5E760D31A15} = {C58A64F8-8FC4-485E-9129-E0F7493E3520}
		{F7EF61F0-9792-483F-AEDC-0D913C752DA4} = {C58A64F8-8FC4-485E-9129-E0F7493E3520}
		{54CE3483-7CCF-4DFD-ABB3-C706FCEAD2F1} = {C58A64F8-8FC4-485E-9129-E0F7493E3520}
		{02606318-A006-4F0C-9A43-EA0CC4E2B4FB} = {C58A64F8-8FC4-485E-9129-E0F7493E3520}
		{11F12D88-1773-4F67-A541-EF0DC11E0B96} = {E3C80109-BB4A-4558-B184-7285C40DAD1A}
	EndGlobalSection
	GlobalSection(ExtensibilityGlobals) = postSolution
		SolutionGuid = {6C0CCE33-9224-4136-A210-3745AA3E74F9}
	EndGlobalSection
EndGlobal
